
Microsoft Visual Studio Solution File, Format Version 12.00
# Visual Studio Version 17
VisualStudioVersion = 17.1.32210.238
MinimumVisualStudioVersion = 10.0.40219.1
Project("{FAE04EC0-301F-11D3-BF4B-00C04F79EFBC}") = "ItprogerShop", "ItprogerShop\ItprogerShop.csproj", "{D8250A61-CBB9-4B3A-AB34-71C2D6611DD5}"
EndProject
Global
	GlobalSection(SolutionConfigurationPlatforms) = preSolution
		Debug|Any CPU = Debug|Any CPU
		Release|Any CPU = Release|Any CPU
	EndGlobalSection
	GlobalSection(ProjectConfigurationPlatforms) = postSolution
		{D8250A61-CBB9-4B3A-AB34-71C2D6611DD5}.Debug|Any CPU.ActiveCfg = Debug|Any CPU
		{D8250A61-CBB9-4B3A-AB34-71C2D6611DD5}.Debug|Any CPU.Build.0 = Debug|Any CPU
		{D8250A61-CBB9-4B3A-AB34-71C2D6611DD5}.Release|Any CPU.ActiveCfg = Release|Any CPU
		{D8250A61-CBB9-4B3A-AB34-71C2D6611DD5}.Release|Any CPU.Build.0 = Release|Any CPU
	EndGlobalSection
	GlobalSection(SolutionProperties) = preSolution
		HideSolutionNode = FALSE
	EndGlobalSection
	GlobalSection(ExtensibilityGlobals) = postSolution
		SolutionGuid = {E0461A36-2437-4CC3-BCF5-C49A778ED82B}
	EndGlobalSection
EndGlobal
